
Microsoft Visual Studio Solution File, Format Version 12.00
# Visual Studio Version 16
VisualStudioVersion = 16.0.32106.194
MinimumVisualStudioVersion = 10.0.40219.1
Project("{FAE04EC0-301F-11D3-BF4B-00C04F79EFBC}") = "Ex4(Laborator5)", "Ex4(Laborator5).csproj", "{B7ABA853-F2B9-4349-B0DE-868CF43748DB}"
EndProject
Global
	GlobalSection(SolutionConfigurationPlatforms) = preSolution
		Debug|Any CPU = Debug|Any CPU
		Release|Any CPU = Release|Any CPU
	EndGlobalSection
	GlobalSection(ProjectConfigurationPlatforms) = postSolution
		{B7ABA853-F2B9-4349-B0DE-868CF43748DB}.Debug|Any CPU.ActiveCfg = Debug|Any CPU
		{B7ABA853-F2B9-4349-B0DE-868CF43748DB}.Debug|Any CPU.Build.0 = Debug|Any CPU
		{B7ABA853-F2B9-4349-B0DE-868CF43748DB}.Release|Any CPU.ActiveCfg = Release|Any CPU
		{B7ABA853-F2B9-4349-B0DE-868CF43748DB}.Release|Any CPU.Build.0 = Release|Any CPU
	EndGlobalSection
	GlobalSection(SolutionProperties) = preSolution
		HideSolutionNode = FALSE
	EndGlobalSection
	GlobalSection(ExtensibilityGlobals) = postSolution
		SolutionGuid = {043E94A4-DE45-4588-88A2-482C0602321E}
	EndGlobalSection
EndGlobal
